
Microsoft Visual Studio Solution File, Format Version 12.00
# Visual Studio 14
VisualStudioVersion = 14.0.23107.0
MinimumVisualStudioVersion = 10.0.40219.1
Project("{FAE04EC0-301F-11D3-BF4B-00C04F79EFBC}") = "OCR", "source\OCR\OCR.csproj", "{2F3574A0-AB88-4162-A5BC-AE39EB6BE978}"
EndProject
Project("{FAE04EC0-301F-11D3-BF4B-00C04F79EFBC}") = "OCRTest", "source\OCRTest\OCRTest.csproj", "{59215304-ABBA-4F7A-8023-DA228227D88F}"
EndProject
Project("{FAE04EC0-301F-11D3-BF4B-00C04F79EFBC}") = "OCRProgram", "source\OCRProgram\OCRProgram.csproj", "{C3FA336E-CE08-4B89-94C0-224BCDCB69DF}"
EndProject
Global
	GlobalSection(SolutionConfigurationPlatforms) = preSolution
		Debug|Any CPU = Debug|Any CPU
		Release|Any CPU = Release|Any CPU
	EndGlobalSection
	GlobalSection(ProjectConfigurationPlatforms) = postSolution
		{2F3574A0-AB88-4162-A5BC-AE39EB6BE978}.Debug|Any CPU.ActiveCfg = Debug|Any CPU
		{2F3574A0-AB88-4162-A5BC-AE39EB6BE978}.Debug|Any CPU.Build.0 = Debug|Any CPU
		{2F3574A0-AB88-4162-A5BC-AE39EB6BE978}.Release|Any CPU.ActiveCfg = Release|Any CPU
		{2F3574A0-AB88-4162-A5BC-AE39EB6BE978}.Release|Any CPU.Build.0 = Release|Any CPU
		{59215304-ABBA-4F7A-8023-DA228227D88F}.Debug|Any CPU.ActiveCfg = Debug|Any CPU
		{59215304-ABBA-4F7A-8023-DA228227D88F}.Debug|Any CPU.Build.0 = Debug|Any CPU
		{59215304-ABBA-4F7A-8023-DA228227D88F}.Release|Any CPU.ActiveCfg = Release|Any CPU
		{59215304-ABBA-4F7A-8023-DA228227D88F}.Release|Any CPU.Build.0 = Release|Any CPU
		{C3FA336E-CE08-4B89-94C0-224BCDCB69DF}.Debug|Any CPU.ActiveCfg = Debug|Any CPU
		{C3FA336E-CE08-4B89-94C0-224BCDCB69DF}.Debug|Any CPU.Build.0 = Debug|Any CPU
		{C3FA336E-CE08-4B89-94C0-224BCDCB69DF}.Release|Any CPU.ActiveCfg = Release|Any CPU
		{C3FA336E-CE08-4B89-94C0-224BCDCB69DF}.Release|Any CPU.Build.0 = Release|Any CPU
	EndGlobalSection
	GlobalSection(SolutionProperties) = preSolution
		HideSolutionNode = FALSE
	EndGlobalSection
EndGlobal
